// !$*UTF8*$!
{
	archiveVersion = 1;
	classes = {
	};
	objectVersion = 46;
	objects = {

/* Begin PBXBuildFile section */
		016D2A611C78C5F6002EDA1D /* MERCURY COMMS in Resources */ = {isa = PBXBuildFile; fileRef = 016D2A601C78C5F6002EDA1D /* MERCURY COMMS */; };
		016D2A731C78C7A5002EDA1D /* MercuryInstrument.m in Sources */ = {isa = PBXBuildFile; fileRef = 016D2A651C78C7A5002EDA1D /* MercuryInstrument.m */; };
		016D2A741C78C7A5002EDA1D /* MercuryBroadcastManager.m in Sources */ = {isa = PBXBuildFile; fileRef = 016D2A671C78C7A5002EDA1D /* MercuryBroadcastManager.m */; };
		016D2A751C78C7A5002EDA1D /* GCDAsyncUdpSocket.m in Sources */ = {isa = PBXBuildFile; fileRef = 016D2A681C78C7A5002EDA1D /* GCDAsyncUdpSocket.m */; };
		016D2A761C78C7A5002EDA1D /* MercuryStatus.m in Sources */ = {isa = PBXBuildFile; fileRef = 016D2A6A1C78C7A5002EDA1D /* MercuryStatus.m */; };
		016D2A771C78C7A5002EDA1D /* MercuryProcedure.m in Sources */ = {isa = PBXBuildFile; fileRef = 016D2A6B1C78C7A5002EDA1D /* MercuryProcedure.m */; };
		016D2A781C78C7A5002EDA1D /* GCDAsyncSocket.m in Sources */ = {isa = PBXBuildFile; fileRef = 016D2A6E1C78C7A5002EDA1D /* GCDAsyncSocket.m */; };
		016D2A791C78C7A5002EDA1D /* MercuryFile.m in Sources */ = {isa = PBXBuildFile; fileRef = 016D2A721C78C7A5002EDA1D /* MercuryFile.m */; };
		016D2A7C1C78CBAE002EDA1D /* info.png in Resources */ = {isa = PBXBuildFile; fileRef = 016D2A7B1C78CBAE002EDA1D /* info.png */; };
		016D2A801C78CF2F002EDA1D /* InstrumentCell.swift in Sources */ = {isa = PBXBuildFile; fileRef = 016D2A7F1C78CF2F002EDA1D /* InstrumentCell.swift */; };
		016D2A821C7A7FEB002EDA1D /* MecurySignalsViewController.swift in Sources */ = {isa = PBXBuildFile; fileRef = 016D2A811C7A7FEB002EDA1D /* MecurySignalsViewController.swift */; };
		01E9F1711C78BEF00042A3B6 /* AppDelegate.swift in Sources */ = {isa = PBXBuildFile; fileRef = 01E9F1701C78BEF00042A3B6 /* AppDelegate.swift */; };
		01E9F1761C78BEF00042A3B6 /* Main.storyboard in Resources */ = {isa = PBXBuildFile; fileRef = 01E9F1741C78BEF00042A3B6 /* Main.storyboard */; };
		01E9F1781C78BEF00042A3B6 /* Assets.xcassets in Resources */ = {isa = PBXBuildFile; fileRef = 01E9F1771C78BEF00042A3B6 /* Assets.xcassets */; };
		01E9F17B1C78BEF00042A3B6 /* LaunchScreen.storyboard in Resources */ = {isa = PBXBuildFile; fileRef = 01E9F1791C78BEF00042A3B6 /* LaunchScreen.storyboard */; };
		01E9F1831C78C2610042A3B6 /* InstrumentCollectionViewController.swift in Sources */ = {isa = PBXBuildFile; fileRef = 01E9F1821C78C2610042A3B6 /* InstrumentCollectionViewController.swift */; };
/* End PBXBuildFile section */

/* Begin PBXFileReference section */
		016D2A601C78C5F6002EDA1D /* MERCURY COMMS */ = {isa = PBXFileReference; lastKnownFileType = folder; name = "MERCURY COMMS"; path = "/Users/seshelman/Dev/MERCURY COMMS"; sourceTree = "<absolute>"; };
		016D2A641C78C7A5002EDA1D /* TRIOS_MOBILE-Bridging-Header.h */ = {isa = PBXFileReference; fileEncoding = 4; lastKnownFileType = sourcecode.c.h; name = "TRIOS_MOBILE-Bridging-Header.h"; path = "../../MERCURY COMMS/TRIOS_MOBILE-Bridging-Header.h"; sourceTree = "<group>"; };
		016D2A651C78C7A5002EDA1D /* MercuryInstrument.m */ = {isa = PBXFileReference; fileEncoding = 4; lastKnownFileType = sourcecode.c.objc; name = MercuryInstrument.m; path = "../../MERCURY COMMS/MercuryInstrument.m"; sourceTree = "<group>"; };
		016D2A661C78C7A5002EDA1D /* MercuryInstrument.h */ = {isa = PBXFileReference; fileEncoding = 4; lastKnownFileType = sourcecode.c.h; name = MercuryInstrument.h; path = "../../MERCURY COMMS/MercuryInstrument.h"; sourceTree = "<group>"; };
		016D2A671C78C7A5002EDA1D /* MercuryBroadcastManager.m */ = {isa = PBXFileReference; fileEncoding = 4; lastKnownFileType = sourcecode.c.objc; name = MercuryBroadcastManager.m; path = "../../MERCURY COMMS/MercuryBroadcastManager.m"; sourceTree = "<group>"; };
		016D2A681C78C7A5002EDA1D /* GCDAsyncUdpSocket.m */ = {isa = PBXFileReference; fileEncoding = 4; lastKnownFileType = sourcecode.c.objc; name = GCDAsyncUdpSocket.m; path = "../../MERCURY COMMS/GCDAsyncUdpSocket.m"; sourceTree = "<group>"; };
		016D2A691C78C7A5002EDA1D /* MercuryStatus.h */ = {isa = PBXFileReference; fileEncoding = 4; lastKnownFileType = sourcecode.c.h; name = MercuryStatus.h; path = "../../MERCURY COMMS/MercuryStatus.h"; sourceTree = "<group>"; };
		016D2A6A1C78C7A5002EDA1D /* MercuryStatus.m */ = {isa = PBXFileReference; fileEncoding = 4; lastKnownFileType = sourcecode.c.objc; name = MercuryStatus.m; path = "../../MERCURY COMMS/MercuryStatus.m"; sourceTree = "<group>"; };
		016D2A6B1C78C7A5002EDA1D /* MercuryProcedure.m */ = {isa = PBXFileReference; fileEncoding = 4; lastKnownFileType = sourcecode.c.objc; name = MercuryProcedure.m; path = "../../MERCURY COMMS/MercuryProcedure.m"; sourceTree = "<group>"; };
		016D2A6C1C78C7A5002EDA1D /* MercuryProcedure.h */ = {isa = PBXFileReference; fileEncoding = 4; lastKnownFileType = sourcecode.c.h; name = MercuryProcedure.h; path = "../../MERCURY COMMS/MercuryProcedure.h"; sourceTree = "<group>"; };
		016D2A6D1C78C7A5002EDA1D /* GCDAsyncSocket.h */ = {isa = PBXFileReference; fileEncoding = 4; lastKnownFileType = sourcecode.c.h; name = GCDAsyncSocket.h; path = "../../MERCURY COMMS/GCDAsyncSocket.h"; sourceTree = "<group>"; };
		016D2A6E1C78C7A5002EDA1D /* GCDAsyncSocket.m */ = {isa = PBXFileReference; fileEncoding = 4; lastKnownFileType = sourcecode.c.objc; name = GCDAsyncSocket.m; path = "../../MERCURY COMMS/GCDAsyncSocket.m"; sourceTree = "<group>"; };
		016D2A6F1C78C7A5002EDA1D /* GCDAsyncUdpSocket.h */ = {isa = PBXFileReference; fileEncoding = 4; lastKnownFileType = sourcecode.c.h; name = GCDAsyncUdpSocket.h; path = "../../MERCURY COMMS/GCDAsyncUdpSocket.h"; sourceTree = "<group>"; };
		016D2A701C78C7A5002EDA1D /* MercuryBroadcastManager.h */ = {isa = PBXFileReference; fileEncoding = 4; lastKnownFileType = sourcecode.c.h; name = MercuryBroadcastManager.h; path = "../../MERCURY COMMS/MercuryBroadcastManager.h"; sourceTree = "<group>"; };
		016D2A711C78C7A5002EDA1D /* MercuryFile.h */ = {isa = PBXFileReference; fileEncoding = 4; lastKnownFileType = sourcecode.c.h; name = MercuryFile.h; path = "../../MERCURY COMMS/MercuryFile.h"; sourceTree = "<group>"; };
		016D2A721C78C7A5002EDA1D /* MercuryFile.m */ = {isa = PBXFileReference; fileEncoding = 4; lastKnownFileType = sourcecode.c.objc; name = MercuryFile.m; path = "../../MERCURY COMMS/MercuryFile.m"; sourceTree = "<group>"; };
		016D2A7B1C78CBAE002EDA1D /* info.png */ = {isa = PBXFileReference; lastKnownFileType = image.png; path = info.png; sourceTree = "<group>"; };
		016D2A7F1C78CF2F002EDA1D /* InstrumentCell.swift */ = {isa = PBXFileReference; fileEncoding = 4; lastKnownFileType = sourcecode.swift; name = InstrumentCell.swift; path = ../InstrumentCell.swift; sourceTree = "<group>"; };
		016D2A811C7A7FEB002EDA1D /* MecurySignalsViewController.swift */ = {isa = PBXFileReference; fileEncoding = 4; lastKnownFileType = sourcecode.swift; path = MecurySignalsViewController.swift; sourceTree = "<group>"; };
		01E9F16D1C78BEF00042A3B6 /* TRIOS_MOBILE_3.app */ = {isa = PBXFileReference; explicitFileType = wrapper.application; includeInIndex = 0; path = TRIOS_MOBILE_3.app; sourceTree = BUILT_PRODUCTS_DIR; };
		01E9F1701C78BEF00042A3B6 /* AppDelegate.swift */ = {isa = PBXFileReference; lastKnownFileType = sourcecode.swift; path = AppDelegate.swift; sourceTree = "<group>"; };
		01E9F1751C78BEF00042A3B6 /* Base */ = {isa = PBXFileReference; lastKnownFileType = file.storyboard; name = Base; path = Base.lproj/Main.storyboard; sourceTree = "<group>"; };
		01E9F1771C78BEF00042A3B6 /* Assets.xcassets */ = {isa = PBXFileReference; lastKnownFileType = folder.assetcatalog; path = Assets.xcassets; sourceTree = "<group>"; };
		01E9F17A1C78BEF00042A3B6 /* Base */ = {isa = PBXFileReference; lastKnownFileType = file.storyboard; name = Base; path = Base.lproj/LaunchScreen.storyboard; sourceTree = "<group>"; };
		01E9F17C1C78BEF00042A3B6 /* Info.plist */ = {isa = PBXFileReference; lastKnownFileType = text.plist.xml; path = Info.plist; sourceTree = "<group>"; };
		01E9F1821C78C2610042A3B6 /* InstrumentCollectionViewController.swift */ = {isa = PBXFileReference; fileEncoding = 4; lastKnownFileType = sourcecode.swift; path = InstrumentCollectionViewController.swift; sourceTree = "<group>"; };
/* End PBXFileReference section */

/* Begin PBXFrameworksBuildPhase section */
		01E9F16A1C78BEF00042A3B6 /* Frameworks */ = {
			isa = PBXFrameworksBuildPhase;
			buildActionMask = 2147483647;
			files = (
			);
			runOnlyForDeploymentPostprocessing = 0;
		};
/* End PBXFrameworksBuildPhase section */

/* Begin PBXGroup section */
		016D2A7A1C78C7AF002EDA1D /* MERCURY COMMS */ = {
			isa = PBXGroup;
			children = (
				016D2A641C78C7A5002EDA1D /* TRIOS_MOBILE-Bridging-Header.h */,
				016D2A651C78C7A5002EDA1D /* MercuryInstrument.m */,
				016D2A661C78C7A5002EDA1D /* MercuryInstrument.h */,
				016D2A671C78C7A5002EDA1D /* MercuryBroadcastManager.m */,
				016D2A681C78C7A5002EDA1D /* GCDAsyncUdpSocket.m */,
				016D2A691C78C7A5002EDA1D /* MercuryStatus.h */,
				016D2A6A1C78C7A5002EDA1D /* MercuryStatus.m */,
				016D2A6B1C78C7A5002EDA1D /* MercuryProcedure.m */,
				016D2A6C1C78C7A5002EDA1D /* MercuryProcedure.h */,
				016D2A6D1C78C7A5002EDA1D /* GCDAsyncSocket.h */,
				016D2A6E1C78C7A5002EDA1D /* GCDAsyncSocket.m */,
				016D2A6F1C78C7A5002EDA1D /* GCDAsyncUdpSocket.h */,
				016D2A701C78C7A5002EDA1D /* MercuryBroadcastManager.h */,
				016D2A711C78C7A5002EDA1D /* MercuryFile.h */,
				016D2A721C78C7A5002EDA1D /* MercuryFile.m */,
			);
			name = "MERCURY COMMS";
			sourceTree = "<group>";
		};
		01E9F1641C78BEF00042A3B6 = {
			isa = PBXGroup;
			children = (
				01E9F16F1C78BEF00042A3B6 /* TRIOS_MOBILE_3 */,
				01E9F16E1C78BEF00042A3B6 /* Products */,
			);
			sourceTree = "<group>";
		};
		01E9F16E1C78BEF00042A3B6 /* Products */ = {
			isa = PBXGroup;
			children = (
				01E9F16D1C78BEF00042A3B6 /* TRIOS_MOBILE_3.app */,
			);
			name = Products;
			sourceTree = "<group>";
		};
		01E9F16F1C78BEF00042A3B6 /* TRIOS_MOBILE_3 */ = {
			isa = PBXGroup;
			children = (
				016D2A7A1C78C7AF002EDA1D /* MERCURY COMMS */,
				01E9F1701C78BEF00042A3B6 /* AppDelegate.swift */,
				01E9F1741C78BEF00042A3B6 /* Main.storyboard */,
				016D2A811C7A7FEB002EDA1D /* MecurySignalsViewController.swift */,
				016D2A7F1C78CF2F002EDA1D /* InstrumentCell.swift */,
				01E9F1821C78C2610042A3B6 /* InstrumentCollectionViewController.swift */,
				01E9F1771C78BEF00042A3B6 /* Assets.xcassets */,
				016D2A7B1C78CBAE002EDA1D /* info.png */,
				01E9F1791C78BEF00042A3B6 /* LaunchScreen.storyboard */,
				01E9F17C1C78BEF00042A3B6 /* Info.plist */,
			);
			path = TRIOS_MOBILE_3;
			sourceTree = "<group>";
		};
/* End PBXGroup section */

/* Begin PBXNativeTarget section */
		01E9F16C1C78BEF00042A3B6 /* TRIOS_MOBILE_3 */ = {
			isa = PBXNativeTarget;
			buildConfigurationList = 01E9F17F1C78BEF00042A3B6 /* Build configuration list for PBXNativeTarget "TRIOS_MOBILE_3" */;
			buildPhases = (
				01E9F1691C78BEF00042A3B6 /* Sources */,
				01E9F16A1C78BEF00042A3B6 /* Frameworks */,
				01E9F16B1C78BEF00042A3B6 /* Resources */,
			);
			buildRules = (
			);
			dependencies = (
			);
			name = TRIOS_MOBILE_3;
			productName = TRIOS_MOBILE_3;
			productReference = 01E9F16D1C78BEF00042A3B6 /* TRIOS_MOBILE_3.app */;
			productType = "com.apple.product-type.application";
		};
/* End PBXNativeTarget section */

/* Begin PBXProject section */
		01E9F1651C78BEF00042A3B6 /* Project object */ = {
			isa = PBXProject;
			attributes = {
				LastSwiftUpdateCheck = 0720;
				LastUpgradeCheck = 0720;
				ORGANIZATIONNAME = objectthink.com;
				TargetAttributes = {
					01E9F16C1C78BEF00042A3B6 = {
						CreatedOnToolsVersion = 7.2.1;
					};
				};
			};
			buildConfigurationList = 01E9F1681C78BEF00042A3B6 /* Build configuration list for PBXProject "TRIOS_MOBILE_3" */;
			compatibilityVersion = "Xcode 3.2";
			developmentRegion = English;
			hasScannedForEncodings = 0;
			knownRegions = (
				en,
				Base,
			);
			mainGroup = 01E9F1641C78BEF00042A3B6;
			productRefGroup = 01E9F16E1C78BEF00042A3B6 /* Products */;
			projectDirPath = "";
			projectRoot = "";
			targets = (
				01E9F16C1C78BEF00042A3B6 /* TRIOS_MOBILE_3 */,
			);
		};
/* End PBXProject section */

/* Begin PBXResourcesBuildPhase section */
		01E9F16B1C78BEF00042A3B6 /* Resources */ = {
			isa = PBXResourcesBuildPhase;
			buildActionMask = 2147483647;
			files = (
				01E9F17B1C78BEF00042A3B6 /* LaunchScreen.storyboard in Resources */,
				016D2A7C1C78CBAE002EDA1D /* info.png in Resources */,
				01E9F1781C78BEF00042A3B6 /* Assets.xcassets in Resources */,
				01E9F1761C78BEF00042A3B6 /* Main.storyboard in Resources */,
				016D2A611C78C5F6002EDA1D /* MERCURY COMMS in Resources */,
			);
			runOnlyForDeploymentPostprocessing = 0;
		};
/* End PBXResourcesBuildPhase section */

/* Begin PBXSourcesBuildPhase section */
		01E9F1691C78BEF00042A3B6 /* Sources */ = {
			isa = PBXSourcesBuildPhase;
			buildActionMask = 2147483647;
			files = (
				016D2A781C78C7A5002EDA1D /* GCDAsyncSocket.m in Sources */,
				016D2A791C78C7A5002EDA1D /* MercuryFile.m in Sources */,
				01E9F1711C78BEF00042A3B6 /* AppDelegate.swift in Sources */,
				016D2A751C78C7A5002EDA1D /* GCDAsyncUdpSocket.m in Sources */,
				016D2A741C78C7A5002EDA1D /* MercuryBroadcastManager.m in Sources */,
				016D2A771C78C7A5002EDA1D /* MercuryProcedure.m in Sources */,
				016D2A821C7A7FEB002EDA1D /* MecurySignalsViewController.swift in Sources */,
				016D2A801C78CF2F002EDA1D /* InstrumentCell.swift in Sources */,
				01E9F1831C78C2610042A3B6 /* InstrumentCollectionViewController.swift in Sources */,
				016D2A731C78C7A5002EDA1D /* MercuryInstrument.m in Sources */,
				016D2A761C78C7A5002EDA1D /* MercuryStatus.m in Sources */,
			);
			runOnlyForDeploymentPostprocessing = 0;
		};
/* End PBXSourcesBuildPhase section */

/* Begin PBXVariantGroup section */
		01E9F1741C78BEF00042A3B6 /* Main.storyboard */ = {
			isa = PBXVariantGroup;
			children = (
				01E9F1751C78BEF00042A3B6 /* Base */,
			);
			name = Main.storyboard;
			sourceTree = "<group>";
		};
		01E9F1791C78BEF00042A3B6 /* LaunchScreen.storyboard */ = {
			isa = PBXVariantGroup;
			children = (
				01E9F17A1C78BEF00042A3B6 /* Base */,
			);
			name = LaunchScreen.storyboard;
			sourceTree = "<group>";
		};
/* End PBXVariantGroup section */

/* Begin XCBuildConfiguration section */
		01E9F17D1C78BEF00042A3B6 /* Debug */ = {
			isa = XCBuildConfiguration;
			buildSettings = {
				ALWAYS_SEARCH_USER_PATHS = NO;
				CLANG_CXX_LANGUAGE_STANDARD = "gnu++0x";
				CLANG_CXX_LIBRARY = "libc++";
				CLANG_ENABLE_MODULES = YES;
				CLANG_ENABLE_OBJC_ARC = YES;
				CLANG_WARN_BOOL_CONVERSION = YES;
				CLANG_WARN_CONSTANT_CONVERSION = YES;
				CLANG_WARN_DIRECT_OBJC_ISA_USAGE = YES_ERROR;
				CLANG_WARN_EMPTY_BODY = YES;
				CLANG_WARN_ENUM_CONVERSION = YES;
				CLANG_WARN_INT_CONVERSION = YES;
				CLANG_WARN_OBJC_ROOT_CLASS = YES_ERROR;
				CLANG_WARN_UNREACHABLE_CODE = YES;
				CLANG_WARN__DUPLICATE_METHOD_MATCH = YES;
				"CODE_SIGN_IDENTITY[sdk=iphoneos*]" = "iPhone Developer";
				COPY_PHASE_STRIP = NO;
				DEBUG_INFORMATION_FORMAT = dwarf;
				ENABLE_STRICT_OBJC_MSGSEND = YES;
				ENABLE_TESTABILITY = YES;
				GCC_C_LANGUAGE_STANDARD = gnu99;
				GCC_DYNAMIC_NO_PIC = NO;
				GCC_NO_COMMON_BLOCKS = YES;
				GCC_OPTIMIZATION_LEVEL = 0;
				GCC_PREPROCESSOR_DEFINITIONS = (
					"DEBUG=1",
					"$(inherited)",
				);
				GCC_WARN_64_TO_32_BIT_CONVERSION = YES;
				GCC_WARN_ABOUT_RETURN_TYPE = YES_ERROR;
				GCC_WARN_UNDECLARED_SELECTOR = YES;
				GCC_WARN_UNINITIALIZED_AUTOS = YES_AGGRESSIVE;
				GCC_WARN_UNUSED_FUNCTION = YES;
				GCC_WARN_UNUSED_VARIABLE = YES;
				IPHONEOS_DEPLOYMENT_TARGET = 9.2;
				MTL_ENABLE_DEBUG_INFO = YES;
				ONLY_ACTIVE_ARCH = YES;
				SDKROOT = iphoneos;
				SWIFT_OPTIMIZATION_LEVEL = "-Onone";
				TARGETED_DEVICE_FAMILY = 2;
			};
			name = Debug;
		};
		01E9F17E1C78BEF00042A3B6 /* Release */ = {
			isa = XCBuildConfiguration;
			buildSettings = {
				ALWAYS_SEARCH_USER_PATHS = NO;
				CLANG_CXX_LANGUAGE_STANDARD = "gnu++0x";
				CLANG_CXX_LIBRARY = "libc++";
				CLANG_ENABLE_MODULES = YES;
				CLANG_ENABLE_OBJC_ARC = YES;
				CLANG_WARN_BOOL_CONVERSION = YES;
				CLANG_WARN_CONSTANT_CONVERSION = YES;
				CLANG_WARN_DIRECT_OBJC_ISA_USAGE = YES_ERROR;
				CLANG_WARN_EMPTY_BODY = YES;
				CLANG_WARN_ENUM_CONVERSION = YES;
				CLANG_WARN_INT_CONVERSION = YES;
				CLANG_WARN_OBJC_ROOT_CLASS = YES_ERROR;
				CLANG_WARN_UNREACHABLE_CODE = YES;
				CLANG_WARN__DUPLICATE_METHOD_MATCH = YES;
				"CODE_SIGN_IDENTITY[sdk=iphoneos*]" = "iPhone Developer";
				COPY_PHASE_STRIP = NO;
				DEBUG_INFORMATION_FORMAT = "dwarf-with-dsym";
				ENABLE_NS_ASSERTIONS = NO;
				ENABLE_STRICT_OBJC_MSGSEND = YES;
				GCC_C_LANGUAGE_STANDARD = gnu99;
				GCC_NO_COMMON_BLOCKS = YES;
				GCC_WARN_64_TO_32_BIT_CONVERSION = YES;
				GCC_WARN_ABOUT_RETURN_TYPE = YES_ERROR;
				GCC_WARN_UNDECLARED_SELECTOR = YES;
				GCC_WARN_UNINITIALIZED_AUTOS = YES_AGGRESSIVE;
				GCC_WARN_UNUSED_FUNCTION = YES;
				GCC_WARN_UNUSED_VARIABLE = YES;
				IPHONEOS_DEPLOYMENT_TARGET = 9.2;
				MTL_ENABLE_DEBUG_INFO = NO;
				SDKROOT = iphoneos;
				TARGETED_DEVICE_FAMILY = 2;
				VALIDATE_PRODUCT = YES;
			};
			name = Release;
		};
		01E9F1801C78BEF00042A3B6 /* Debug */ = {
			isa = XCBuildConfiguration;
			buildSettings = {
				ASSETCATALOG_COMPILER_APPICON_NAME = AppIcon;
				INFOPLIST_FILE = TRIOS_MOBILE_3/Info.plist;
				LD_RUNPATH_SEARCH_PATHS = "$(inherited) @executable_path/Frameworks";
				PRODUCT_BUNDLE_IDENTIFIER = "com.objectthink.TRIOS-MOBILE-3";
				PRODUCT_NAME = "$(TARGET_NAME)";
				SWIFT_OBJC_BRIDGING_HEADER = "../MERCURY COMMS/TRIOS_MOBILE-Bridging-Header.h";
			};
			name = Debug;
		};
		01E9F1811C78BEF00042A3B6 /* Release */ = {
			isa = XCBuildConfiguration;
			buildSettings = {
				ASSETCATALOG_COMPILER_APPICON_NAME = AppIcon;
				INFOPLIST_FILE = TRIOS_MOBILE_3/Info.plist;
				LD_RUNPATH_SEARCH_PATHS = "$(inherited) @executable_path/Frameworks";
				PRODUCT_BUNDLE_IDENTIFIER = "com.objectthink.TRIOS-MOBILE-3";
				PRODUCT_NAME = "$(TARGET_NAME)";
				SWIFT_OBJC_BRIDGING_HEADER = "../MERCURY COMMS/TRIOS_MOBILE-Bridging-Header.h";
			};
			name = Release;
		};
/* End XCBuildConfiguration section */

/* Begin XCConfigurationList section */
		01E9F1681C78BEF00042A3B6 /* Build configuration list for PBXProject "TRIOS_MOBILE_3" */ = {
			isa = XCConfigurationList;
			buildConfigurations = (
				01E9F17D1C78BEF00042A3B6 /* Debug */,
				01E9F17E1C78BEF00042A3B6 /* Release */,
			);
			defaultConfigurationIsVisible = 0;
			defaultConfigurationName = Release;
		};
		01E9F17F1C78BEF00042A3B6 /* Build configuration list for PBXNativeTarget "TRIOS_MOBILE_3" */ = {
			isa = XCConfigurationList;
			buildConfigurations = (
				01E9F1801C78BEF00042A3B6 /* Debug */,
				01E9F1811C78BEF00042A3B6 /* Release */,
			);
			defaultConfigurationIsVisible = 0;
			defaultConfigurationName = Release;
		};
/* End XCConfigurationList section */
	};
	rootObject = 01E9F1651C78BEF00042A3B6 /* Project object */;
}
